
Microsoft Visual Studio Solution File, Format Version 12.00
# Visual Studio 15
VisualStudioVersion = 15.0.28307.168
MinimumVisualStudioVersion = 10.0.40219.1
Project("{FAE04EC0-301F-11D3-BF4B-00C04F79EFBC}") = "WebApplication5", "WebApplication5\WebApplication5.csproj", "{FBECEF25-2517-40D3-97EA-7D14C121B40D}"
EndProject
Global
	GlobalSection(SolutionConfigurationPlatforms) = preSolution
		Debug|Any CPU = Debug|Any CPU
		Release|Any CPU = Release|Any CPU
	EndGlobalSection
	GlobalSection(ProjectConfigurationPlatforms) = postSolution
		{FBECEF25-2517-40D3-97EA-7D14C121B40D}.Debug|Any CPU.ActiveCfg = Debug|Any CPU
		{FBECEF25-2517-40D3-97EA-7D14C121B40D}.Debug|Any CPU.Build.0 = Debug|Any CPU
		{FBECEF25-2517-40D3-97EA-7D14C121B40D}.Release|Any CPU.ActiveCfg = Release|Any CPU
		{FBECEF25-2517-40D3-97EA-7D14C121B40D}.Release|Any CPU.Build.0 = Release|Any CPU
	EndGlobalSection
	GlobalSection(SolutionProperties) = preSolution
		HideSolutionNode = FALSE
	EndGlobalSection
	GlobalSection(ExtensibilityGlobals) = postSolution
		SolutionGuid = {ACEB307F-19AE-4C47-BB0D-7F7C69B7E7B8}
	EndGlobalSection
EndGlobal
